
Microsoft Visual Studio Solution File, Format Version 12.00
# Visual Studio Version 17
VisualStudioVersion = 17.9.34902.65
MinimumVisualStudioVersion = 10.0.40219.1
Project("{FAE04EC0-301F-11D3-BF4B-00C04F79EFBC}") = "Debra-API", "Debra-API\Debra-API.csproj", "{B31C3229-CA7B-4D38-9F88-D71A101BFB0F}"
EndProject
Global
	GlobalSection(SolutionConfigurationPlatforms) = preSolution
		Debug|Any CPU = Debug|Any CPU
		Release|Any CPU = Release|Any CPU
	EndGlobalSection
	GlobalSection(ProjectConfigurationPlatforms) = postSolution
		{B31C3229-CA7B-4D38-9F88-D71A101BFB0F}.Debug|Any CPU.ActiveCfg = Debug|Any CPU
		{B31C3229-CA7B-4D38-9F88-D71A101BFB0F}.Debug|Any CPU.Build.0 = Debug|Any CPU
		{B31C3229-CA7B-4D38-9F88-D71A101BFB0F}.Release|Any CPU.ActiveCfg = Release|Any CPU
		{B31C3229-CA7B-4D38-9F88-D71A101BFB0F}.Release|Any CPU.Build.0 = Release|Any CPU
	EndGlobalSection
	GlobalSection(SolutionProperties) = preSolution
		HideSolutionNode = FALSE
	EndGlobalSection
	GlobalSection(ExtensibilityGlobals) = postSolution
		SolutionGuid = {0D2D0144-4040-4FF7-B954-87B72B93E3CE}
	EndGlobalSection
EndGlobal
